// !$*UTF8*$!
{
	archiveVersion = 1;
	classes = {
	};
	objectVersion = 56;
	objects = {

/* Begin PBXBuildFile section */
		710D3A612B8AA2FC0038DF8B /* AppDelegate.swift in Sources */ = {isa = PBXBuildFile; fileRef = 710D3A602B8AA2FC0038DF8B /* AppDelegate.swift */; };
		710D3A632B8AA2FC0038DF8B /* SceneDelegate.swift in Sources */ = {isa = PBXBuildFile; fileRef = 710D3A622B8AA2FC0038DF8B /* SceneDelegate.swift */; };
		710D3A652B8AA2FC0038DF8B /* WeatherViewController.swift in Sources */ = {isa = PBXBuildFile; fileRef = 710D3A642B8AA2FC0038DF8B /* WeatherViewController.swift */; };
		710D3A6A2B8AA2FD0038DF8B /* Assets.xcassets in Resources */ = {isa = PBXBuildFile; fileRef = 710D3A692B8AA2FD0038DF8B /* Assets.xcassets */; };
		710D3A6D2B8AA2FD0038DF8B /* LaunchScreen.storyboard in Resources */ = {isa = PBXBuildFile; fileRef = 710D3A6B2B8AA2FD0038DF8B /* LaunchScreen.storyboard */; };
		710D3A782B8AA2FD0038DF8B /* WeatherAppTests.swift in Sources */ = {isa = PBXBuildFile; fileRef = 710D3A772B8AA2FD0038DF8B /* WeatherAppTests.swift */; };
		710D3A822B8AA2FD0038DF8B /* WeatherAppUITests.swift in Sources */ = {isa = PBXBuildFile; fileRef = 710D3A812B8AA2FD0038DF8B /* WeatherAppUITests.swift */; };
		710D3A842B8AA2FD0038DF8B /* WeatherAppUITestsLaunchTests.swift in Sources */ = {isa = PBXBuildFile; fileRef = 710D3A832B8AA2FD0038DF8B /* WeatherAppUITestsLaunchTests.swift */; };
		710D3A962B8AAFC50038DF8B /* HTTPMethod.swift in Sources */ = {isa = PBXBuildFile; fileRef = 710D3A952B8AAFC50038DF8B /* HTTPMethod.swift */; };
		710D3A982B8AAFDC0038DF8B /* APIResource.swift in Sources */ = {isa = PBXBuildFile; fileRef = 710D3A972B8AAFDC0038DF8B /* APIResource.swift */; };
		710D3A9B2B8AB0EE0038DF8B /* weather.json in Resources */ = {isa = PBXBuildFile; fileRef = 710D3A9A2B8AB0EE0038DF8B /* weather.json */; };
		710D3A9C2B8AB0EE0038DF8B /* weather.json in Resources */ = {isa = PBXBuildFile; fileRef = 710D3A9A2B8AB0EE0038DF8B /* weather.json */; };
		710D3A9E2B8AB31A0038DF8B /* RequestBuilder.swift in Sources */ = {isa = PBXBuildFile; fileRef = 710D3A9D2B8AB31A0038DF8B /* RequestBuilder.swift */; };
		710D3AA02B8AB3BB0038DF8B /* APIClient.swift in Sources */ = {isa = PBXBuildFile; fileRef = 710D3A9F2B8AB3BB0038DF8B /* APIClient.swift */; };
		710D3AA22B8AB90E0038DF8B /* RequestPerformer.swift in Sources */ = {isa = PBXBuildFile; fileRef = 710D3AA12B8AB90E0038DF8B /* RequestPerformer.swift */; };
		710D3AA52B8AC1990038DF8B /* CurrentWeather.swift in Sources */ = {isa = PBXBuildFile; fileRef = 710D3AA42B8AC1990038DF8B /* CurrentWeather.swift */; };
		710D3AA62B8AC1990038DF8B /* CurrentWeather.swift in Sources */ = {isa = PBXBuildFile; fileRef = 710D3AA42B8AC1990038DF8B /* CurrentWeather.swift */; };
		710D3AA82B8AC1BA0038DF8B /* WeatherData.swift in Sources */ = {isa = PBXBuildFile; fileRef = 710D3AA72B8AC1BA0038DF8B /* WeatherData.swift */; };
		710D3AA92B8AC1BA0038DF8B /* WeatherData.swift in Sources */ = {isa = PBXBuildFile; fileRef = 710D3AA72B8AC1BA0038DF8B /* WeatherData.swift */; };
		710D3AAB2B8AC1F50038DF8B /* WeatherMainData.swift in Sources */ = {isa = PBXBuildFile; fileRef = 710D3AAA2B8AC1F50038DF8B /* WeatherMainData.swift */; };
		710D3AAC2B8AC1F50038DF8B /* WeatherMainData.swift in Sources */ = {isa = PBXBuildFile; fileRef = 710D3AAA2B8AC1F50038DF8B /* WeatherMainData.swift */; };
		710D3AAE2B8AC2FC0038DF8B /* WeatherWind.swift in Sources */ = {isa = PBXBuildFile; fileRef = 710D3AAD2B8AC2FC0038DF8B /* WeatherWind.swift */; };
		710D3AAF2B8AC2FC0038DF8B /* WeatherWind.swift in Sources */ = {isa = PBXBuildFile; fileRef = 710D3AAD2B8AC2FC0038DF8B /* WeatherWind.swift */; };
		710D3AB12B8BAC4A0038DF8B /* WeatherViewModel.swift in Sources */ = {isa = PBXBuildFile; fileRef = 710D3AB02B8BAC4A0038DF8B /* WeatherViewModel.swift */; };
		710D3AB22B8BAC4A0038DF8B /* WeatherViewModel.swift in Sources */ = {isa = PBXBuildFile; fileRef = 710D3AB02B8BAC4A0038DF8B /* WeatherViewModel.swift */; };
		710D3AB42B8BB2D40038DF8B /* WeatherView.swift in Sources */ = {isa = PBXBuildFile; fileRef = 710D3AB32B8BB2D40038DF8B /* WeatherView.swift */; };
		710D3AB52B8BB2D40038DF8B /* WeatherView.swift in Sources */ = {isa = PBXBuildFile; fileRef = 710D3AB32B8BB2D40038DF8B /* WeatherView.swift */; };
		710D3AB92B8BC1FF0038DF8B /* SnapKit in Frameworks */ = {isa = PBXBuildFile; productRef = 710D3AB82B8BC1FF0038DF8B /* SnapKit */; };
		710D3ABC2B8BC4B30038DF8B /* Kingfisher in Frameworks */ = {isa = PBXBuildFile; productRef = 710D3ABB2B8BC4B30038DF8B /* Kingfisher */; };
		710D3ABE2B8BD4C00038DF8B /* ErrorView.swift in Sources */ = {isa = PBXBuildFile; fileRef = 710D3ABD2B8BD4C00038DF8B /* ErrorView.swift */; };
		710D3ABF2B8BD4C00038DF8B /* ErrorView.swift in Sources */ = {isa = PBXBuildFile; fileRef = 710D3ABD2B8BD4C00038DF8B /* ErrorView.swift */; };
		710D3AC22B8BE8250038DF8B /* UIFont+Weight.swift in Sources */ = {isa = PBXBuildFile; fileRef = 710D3AC12B8BE8250038DF8B /* UIFont+Weight.swift */; };
		710D3AC32B8BE8250038DF8B /* UIFont+Weight.swift in Sources */ = {isa = PBXBuildFile; fileRef = 710D3AC12B8BE8250038DF8B /* UIFont+Weight.swift */; };
/* End PBXBuildFile section */

/* Begin PBXContainerItemProxy section */
		710D3A742B8AA2FD0038DF8B /* PBXContainerItemProxy */ = {
			isa = PBXContainerItemProxy;
			containerPortal = 710D3A552B8AA2FB0038DF8B /* Project object */;
			proxyType = 1;
			remoteGlobalIDString = 710D3A5C2B8AA2FC0038DF8B;
			remoteInfo = WeatherApp;
		};
		710D3A7E2B8AA2FD0038DF8B /* PBXContainerItemProxy */ = {
			isa = PBXContainerItemProxy;
			containerPortal = 710D3A552B8AA2FB0038DF8B /* Project object */;
			proxyType = 1;
			remoteGlobalIDString = 710D3A5C2B8AA2FC0038DF8B;
			remoteInfo = WeatherApp;
		};
/* End PBXContainerItemProxy section */

/* Begin PBXFileReference section */
		710D3A5D2B8AA2FC0038DF8B /* WeatherApp.app */ = {isa = PBXFileReference; explicitFileType = wrapper.application; includeInIndex = 0; path = WeatherApp.app; sourceTree = BUILT_PRODUCTS_DIR; };
		710D3A602B8AA2FC0038DF8B /* AppDelegate.swift */ = {isa = PBXFileReference; lastKnownFileType = sourcecode.swift; path = AppDelegate.swift; sourceTree = "<group>"; };
		710D3A622B8AA2FC0038DF8B /* SceneDelegate.swift */ = {isa = PBXFileReference; lastKnownFileType = sourcecode.swift; path = SceneDelegate.swift; sourceTree = "<group>"; };
		710D3A642B8AA2FC0038DF8B /* WeatherViewController.swift */ = {isa = PBXFileReference; lastKnownFileType = sourcecode.swift; path = WeatherViewController.swift; sourceTree = "<group>"; };
		710D3A692B8AA2FD0038DF8B /* Assets.xcassets */ = {isa = PBXFileReference; lastKnownFileType = folder.assetcatalog; path = Assets.xcassets; sourceTree = "<group>"; };
		710D3A6C2B8AA2FD0038DF8B /* Base */ = {isa = PBXFileReference; lastKnownFileType = file.storyboard; name = Base; path = Base.lproj/LaunchScreen.storyboard; sourceTree = "<group>"; };
		710D3A6E2B8AA2FD0038DF8B /* Info.plist */ = {isa = PBXFileReference; lastKnownFileType = text.plist.xml; path = Info.plist; sourceTree = "<group>"; };
		710D3A732B8AA2FD0038DF8B /* WeatherAppTests.xctest */ = {isa = PBXFileReference; explicitFileType = wrapper.cfbundle; includeInIndex = 0; path = WeatherAppTests.xctest; sourceTree = BUILT_PRODUCTS_DIR; };
		710D3A772B8AA2FD0038DF8B /* WeatherAppTests.swift */ = {isa = PBXFileReference; lastKnownFileType = sourcecode.swift; path = WeatherAppTests.swift; sourceTree = "<group>"; };
		710D3A7D2B8AA2FD0038DF8B /* WeatherAppUITests.xctest */ = {isa = PBXFileReference; explicitFileType = wrapper.cfbundle; includeInIndex = 0; path = WeatherAppUITests.xctest; sourceTree = BUILT_PRODUCTS_DIR; };
		710D3A812B8AA2FD0038DF8B /* WeatherAppUITests.swift */ = {isa = PBXFileReference; lastKnownFileType = sourcecode.swift; path = WeatherAppUITests.swift; sourceTree = "<group>"; };
		710D3A832B8AA2FD0038DF8B /* WeatherAppUITestsLaunchTests.swift */ = {isa = PBXFileReference; lastKnownFileType = sourcecode.swift; path = WeatherAppUITestsLaunchTests.swift; sourceTree = "<group>"; };
		710D3A952B8AAFC50038DF8B /* HTTPMethod.swift */ = {isa = PBXFileReference; lastKnownFileType = sourcecode.swift; path = HTTPMethod.swift; sourceTree = "<group>"; };
		710D3A972B8AAFDC0038DF8B /* APIResource.swift */ = {isa = PBXFileReference; lastKnownFileType = sourcecode.swift; path = APIResource.swift; sourceTree = "<group>"; };
		710D3A9A2B8AB0EE0038DF8B /* weather.json */ = {isa = PBXFileReference; fileEncoding = 4; lastKnownFileType = text.json; path = weather.json; sourceTree = "<group>"; };
		710D3A9D2B8AB31A0038DF8B /* RequestBuilder.swift */ = {isa = PBXFileReference; lastKnownFileType = sourcecode.swift; path = RequestBuilder.swift; sourceTree = "<group>"; };
		710D3A9F2B8AB3BB0038DF8B /* APIClient.swift */ = {isa = PBXFileReference; lastKnownFileType = sourcecode.swift; path = APIClient.swift; sourceTree = "<group>"; };
		710D3AA12B8AB90E0038DF8B /* RequestPerformer.swift */ = {isa = PBXFileReference; lastKnownFileType = sourcecode.swift; path = RequestPerformer.swift; sourceTree = "<group>"; };
		710D3AA42B8AC1990038DF8B /* CurrentWeather.swift */ = {isa = PBXFileReference; lastKnownFileType = sourcecode.swift; path = CurrentWeather.swift; sourceTree = "<group>"; };
		710D3AA72B8AC1BA0038DF8B /* WeatherData.swift */ = {isa = PBXFileReference; lastKnownFileType = sourcecode.swift; path = WeatherData.swift; sourceTree = "<group>"; };
		710D3AAA2B8AC1F50038DF8B /* WeatherMainData.swift */ = {isa = PBXFileReference; lastKnownFileType = sourcecode.swift; path = WeatherMainData.swift; sourceTree = "<group>"; };
		710D3AAD2B8AC2FC0038DF8B /* WeatherWind.swift */ = {isa = PBXFileReference; lastKnownFileType = sourcecode.swift; path = WeatherWind.swift; sourceTree = "<group>"; };
		710D3AB02B8BAC4A0038DF8B /* WeatherViewModel.swift */ = {isa = PBXFileReference; lastKnownFileType = sourcecode.swift; path = WeatherViewModel.swift; sourceTree = "<group>"; };
		710D3AB32B8BB2D40038DF8B /* WeatherView.swift */ = {isa = PBXFileReference; lastKnownFileType = sourcecode.swift; path = WeatherView.swift; sourceTree = "<group>"; };
		710D3ABD2B8BD4C00038DF8B /* ErrorView.swift */ = {isa = PBXFileReference; lastKnownFileType = sourcecode.swift; path = ErrorView.swift; sourceTree = "<group>"; };
		710D3AC12B8BE8250038DF8B /* UIFont+Weight.swift */ = {isa = PBXFileReference; lastKnownFileType = sourcecode.swift; path = "UIFont+Weight.swift"; sourceTree = "<group>"; };
/* End PBXFileReference section */

/* Begin PBXFrameworksBuildPhase section */
		710D3A5A2B8AA2FC0038DF8B /* Frameworks */ = {
			isa = PBXFrameworksBuildPhase;
			buildActionMask = 2147483647;
			files = (
				710D3ABC2B8BC4B30038DF8B /* Kingfisher in Frameworks */,
				710D3AB92B8BC1FF0038DF8B /* SnapKit in Frameworks */,
			);
			runOnlyForDeploymentPostprocessing = 0;
		};
		710D3A702B8AA2FD0038DF8B /* Frameworks */ = {
			isa = PBXFrameworksBuildPhase;
			buildActionMask = 2147483647;
			files = (
			);
			runOnlyForDeploymentPostprocessing = 0;
		};
		710D3A7A2B8AA2FD0038DF8B /* Frameworks */ = {
			isa = PBXFrameworksBuildPhase;
			buildActionMask = 2147483647;
			files = (
			);
			runOnlyForDeploymentPostprocessing = 0;
		};
/* End PBXFrameworksBuildPhase section */

/* Begin PBXGroup section */
		710D3A542B8AA2FB0038DF8B = {
			isa = PBXGroup;
			children = (
				710D3A5F2B8AA2FC0038DF8B /* WeatherApp */,
				710D3A762B8AA2FD0038DF8B /* WeatherAppTests */,
				710D3A802B8AA2FD0038DF8B /* WeatherAppUITests */,
				710D3A5E2B8AA2FC0038DF8B /* Products */,
				710D3AB72B8BC1FF0038DF8B /* Frameworks */,
			);
			sourceTree = "<group>";
		};
		710D3A5E2B8AA2FC0038DF8B /* Products */ = {
			isa = PBXGroup;
			children = (
				710D3A5D2B8AA2FC0038DF8B /* WeatherApp.app */,
				710D3A732B8AA2FD0038DF8B /* WeatherAppTests.xctest */,
				710D3A7D2B8AA2FD0038DF8B /* WeatherAppUITests.xctest */,
			);
			name = Products;
			sourceTree = "<group>";
		};
		710D3A5F2B8AA2FC0038DF8B /* WeatherApp */ = {
			isa = PBXGroup;
			children = (
				710D3A902B8AA3400038DF8B /* Modules */,
				710D3A692B8AA2FD0038DF8B /* Assets.xcassets */,
				710D3A6B2B8AA2FD0038DF8B /* LaunchScreen.storyboard */,
				710D3A6E2B8AA2FD0038DF8B /* Info.plist */,
			);
			path = WeatherApp;
			sourceTree = "<group>";
		};
		710D3A762B8AA2FD0038DF8B /* WeatherAppTests */ = {
			isa = PBXGroup;
			children = (
				710D3A772B8AA2FD0038DF8B /* WeatherAppTests.swift */,
			);
			path = WeatherAppTests;
			sourceTree = "<group>";
		};
		710D3A802B8AA2FD0038DF8B /* WeatherAppUITests */ = {
			isa = PBXGroup;
			children = (
				710D3A812B8AA2FD0038DF8B /* WeatherAppUITests.swift */,
				710D3A832B8AA2FD0038DF8B /* WeatherAppUITestsLaunchTests.swift */,
			);
			path = WeatherAppUITests;
			sourceTree = "<group>";
		};
		710D3A902B8AA3400038DF8B /* Modules */ = {
			isa = PBXGroup;
			children = (
				710D3A992B8AB00A0038DF8B /* Resources */,
				710D3A932B8AA3D70038DF8B /* App */,
				710D3A912B8AA3450038DF8B /* Features */,
			);
			path = Modules;
			sourceTree = "<group>";
		};
		710D3A912B8AA3450038DF8B /* Features */ = {
			isa = PBXGroup;
			children = (
				710D3AC02B8BE8120038DF8B /* Utils */,
				710D3AA32B8ABFB90038DF8B /* Model */,
				710D3A942B8AAF550038DF8B /* Network */,
				710D3A922B8AA3520038DF8B /* Weather */,
			);
			path = Features;
			sourceTree = "<group>";
		};
		710D3A922B8AA3520038DF8B /* Weather */ = {
			isa = PBXGroup;
			children = (
				710D3A642B8AA2FC0038DF8B /* WeatherViewController.swift */,
				710D3AB02B8BAC4A0038DF8B /* WeatherViewModel.swift */,
				710D3AB32B8BB2D40038DF8B /* WeatherView.swift */,
				710D3ABD2B8BD4C00038DF8B /* ErrorView.swift */,
			);
			path = Weather;
			sourceTree = "<group>";
		};
		710D3A932B8AA3D70038DF8B /* App */ = {
			isa = PBXGroup;
			children = (
				710D3A602B8AA2FC0038DF8B /* AppDelegate.swift */,
				710D3A622B8AA2FC0038DF8B /* SceneDelegate.swift */,
			);
			path = App;
			sourceTree = "<group>";
		};
		710D3A942B8AAF550038DF8B /* Network */ = {
			isa = PBXGroup;
			children = (
				710D3A952B8AAFC50038DF8B /* HTTPMethod.swift */,
				710D3A972B8AAFDC0038DF8B /* APIResource.swift */,
				710D3A9D2B8AB31A0038DF8B /* RequestBuilder.swift */,
				710D3AA12B8AB90E0038DF8B /* RequestPerformer.swift */,
				710D3A9F2B8AB3BB0038DF8B /* APIClient.swift */,
			);
			path = Network;
			sourceTree = "<group>";
		};
		710D3A992B8AB00A0038DF8B /* Resources */ = {
			isa = PBXGroup;
			children = (
				710D3A9A2B8AB0EE0038DF8B /* weather.json */,
			);
			path = Resources;
			sourceTree = "<group>";
		};
		710D3AA32B8ABFB90038DF8B /* Model */ = {
			isa = PBXGroup;
			children = (
				710D3AA42B8AC1990038DF8B /* CurrentWeather.swift */,
				710D3AA72B8AC1BA0038DF8B /* WeatherData.swift */,
				710D3AAA2B8AC1F50038DF8B /* WeatherMainData.swift */,
				710D3AAD2B8AC2FC0038DF8B /* WeatherWind.swift */,
			);
			path = Model;
			sourceTree = "<group>";
		};
		710D3AB72B8BC1FF0038DF8B /* Frameworks */ = {
			isa = PBXGroup;
			children = (
			);
			name = Frameworks;
			sourceTree = "<group>";
		};
		710D3AC02B8BE8120038DF8B /* Utils */ = {
			isa = PBXGroup;
			children = (
				710D3AC12B8BE8250038DF8B /* UIFont+Weight.swift */,
			);
			path = Utils;
			sourceTree = "<group>";
		};
/* End PBXGroup section */

/* Begin PBXNativeTarget section */
		710D3A5C2B8AA2FC0038DF8B /* WeatherApp */ = {
			isa = PBXNativeTarget;
			buildConfigurationList = 710D3A872B8AA2FD0038DF8B /* Build configuration list for PBXNativeTarget "WeatherApp" */;
			buildPhases = (
				710D3A592B8AA2FC0038DF8B /* Sources */,
				710D3A5A2B8AA2FC0038DF8B /* Frameworks */,
				710D3A5B2B8AA2FC0038DF8B /* Resources */,
			);
			buildRules = (
			);
			dependencies = (
			);
			name = WeatherApp;
			packageProductDependencies = (
				710D3AB82B8BC1FF0038DF8B /* SnapKit */,
				710D3ABB2B8BC4B30038DF8B /* Kingfisher */,
			);
			productName = WeatherApp;
			productReference = 710D3A5D2B8AA2FC0038DF8B /* WeatherApp.app */;
			productType = "com.apple.product-type.application";
		};
		710D3A722B8AA2FD0038DF8B /* WeatherAppTests */ = {
			isa = PBXNativeTarget;
			buildConfigurationList = 710D3A8A2B8AA2FD0038DF8B /* Build configuration list for PBXNativeTarget "WeatherAppTests" */;
			buildPhases = (
				710D3A6F2B8AA2FD0038DF8B /* Sources */,
				710D3A702B8AA2FD0038DF8B /* Frameworks */,
				710D3A712B8AA2FD0038DF8B /* Resources */,
			);
			buildRules = (
			);
			dependencies = (
				710D3A752B8AA2FD0038DF8B /* PBXTargetDependency */,
			);
			name = WeatherAppTests;
			productName = WeatherAppTests;
			productReference = 710D3A732B8AA2FD0038DF8B /* WeatherAppTests.xctest */;
			productType = "com.apple.product-type.bundle.unit-test";
		};
		710D3A7C2B8AA2FD0038DF8B /* WeatherAppUITests */ = {
			isa = PBXNativeTarget;
			buildConfigurationList = 710D3A8D2B8AA2FD0038DF8B /* Build configuration list for PBXNativeTarget "WeatherAppUITests" */;
			buildPhases = (
				710D3A792B8AA2FD0038DF8B /* Sources */,
				710D3A7A2B8AA2FD0038DF8B /* Frameworks */,
				710D3A7B2B8AA2FD0038DF8B /* Resources */,
			);
			buildRules = (
			);
			dependencies = (
				710D3A7F2B8AA2FD0038DF8B /* PBXTargetDependency */,
			);
			name = WeatherAppUITests;
			productName = WeatherAppUITests;
			productReference = 710D3A7D2B8AA2FD0038DF8B /* WeatherAppUITests.xctest */;
			productType = "com.apple.product-type.bundle.ui-testing";
		};
/* End PBXNativeTarget section */

/* Begin PBXProject section */
		710D3A552B8AA2FB0038DF8B /* Project object */ = {
			isa = PBXProject;
			attributes = {
				BuildIndependentTargetsInParallel = 1;
				LastSwiftUpdateCheck = 1500;
				LastUpgradeCheck = 1500;
				TargetAttributes = {
					710D3A5C2B8AA2FC0038DF8B = {
						CreatedOnToolsVersion = 15.0.1;
					};
					710D3A722B8AA2FD0038DF8B = {
						CreatedOnToolsVersion = 15.0.1;
						TestTargetID = 710D3A5C2B8AA2FC0038DF8B;
					};
					710D3A7C2B8AA2FD0038DF8B = {
						CreatedOnToolsVersion = 15.0.1;
						TestTargetID = 710D3A5C2B8AA2FC0038DF8B;
					};
				};
			};
			buildConfigurationList = 710D3A582B8AA2FB0038DF8B /* Build configuration list for PBXProject "WeatherApp" */;
			compatibilityVersion = "Xcode 14.0";
			developmentRegion = en;
			hasScannedForEncodings = 0;
			knownRegions = (
				en,
				Base,
			);
			mainGroup = 710D3A542B8AA2FB0038DF8B;
			packageReferences = (
				710D3AB62B8BC1490038DF8B /* XCRemoteSwiftPackageReference "SnapKit" */,
				710D3ABA2B8BC4B30038DF8B /* XCRemoteSwiftPackageReference "Kingfisher" */,
			);
			productRefGroup = 710D3A5E2B8AA2FC0038DF8B /* Products */;
			projectDirPath = "";
			projectRoot = "";
			targets = (
				710D3A5C2B8AA2FC0038DF8B /* WeatherApp */,
				710D3A722B8AA2FD0038DF8B /* WeatherAppTests */,
				710D3A7C2B8AA2FD0038DF8B /* WeatherAppUITests */,
			);
		};
/* End PBXProject section */

/* Begin PBXResourcesBuildPhase section */
		710D3A5B2B8AA2FC0038DF8B /* Resources */ = {
			isa = PBXResourcesBuildPhase;
			buildActionMask = 2147483647;
			files = (
				710D3A6D2B8AA2FD0038DF8B /* LaunchScreen.storyboard in Resources */,
				710D3A6A2B8AA2FD0038DF8B /* Assets.xcassets in Resources */,
				710D3A9B2B8AB0EE0038DF8B /* weather.json in Resources */,
			);
			runOnlyForDeploymentPostprocessing = 0;
		};
		710D3A712B8AA2FD0038DF8B /* Resources */ = {
			isa = PBXResourcesBuildPhase;
			buildActionMask = 2147483647;
			files = (
				710D3A9C2B8AB0EE0038DF8B /* weather.json in Resources */,
			);
			runOnlyForDeploymentPostprocessing = 0;
		};
		710D3A7B2B8AA2FD0038DF8B /* Resources */ = {
			isa = PBXResourcesBuildPhase;
			buildActionMask = 2147483647;
			files = (
			);
			runOnlyForDeploymentPostprocessing = 0;
		};
/* End PBXResourcesBuildPhase section */

/* Begin PBXSourcesBuildPhase section */
		710D3A592B8AA2FC0038DF8B /* Sources */ = {
			isa = PBXSourcesBuildPhase;
			buildActionMask = 2147483647;
			files = (
				710D3A962B8AAFC50038DF8B /* HTTPMethod.swift in Sources */,
				710D3AB12B8BAC4A0038DF8B /* WeatherViewModel.swift in Sources */,
				710D3AA02B8AB3BB0038DF8B /* APIClient.swift in Sources */,
				710D3A652B8AA2FC0038DF8B /* WeatherViewController.swift in Sources */,
				710D3A9E2B8AB31A0038DF8B /* RequestBuilder.swift in Sources */,
				710D3AB42B8BB2D40038DF8B /* WeatherView.swift in Sources */,
				710D3AC22B8BE8250038DF8B /* UIFont+Weight.swift in Sources */,
				710D3AA52B8AC1990038DF8B /* CurrentWeather.swift in Sources */,
				710D3AA22B8AB90E0038DF8B /* RequestPerformer.swift in Sources */,
				710D3AA82B8AC1BA0038DF8B /* WeatherData.swift in Sources */,
				710D3A612B8AA2FC0038DF8B /* AppDelegate.swift in Sources */,
				710D3ABE2B8BD4C00038DF8B /* ErrorView.swift in Sources */,
				710D3A982B8AAFDC0038DF8B /* APIResource.swift in Sources */,
				710D3A632B8AA2FC0038DF8B /* SceneDelegate.swift in Sources */,
				710D3AAE2B8AC2FC0038DF8B /* WeatherWind.swift in Sources */,
				710D3AAB2B8AC1F50038DF8B /* WeatherMainData.swift in Sources */,
			);
			runOnlyForDeploymentPostprocessing = 0;
		};
		710D3A6F2B8AA2FD0038DF8B /* Sources */ = {
			isa = PBXSourcesBuildPhase;
			buildActionMask = 2147483647;
			files = (
				710D3AA62B8AC1990038DF8B /* CurrentWeather.swift in Sources */,
				710D3AA92B8AC1BA0038DF8B /* WeatherData.swift in Sources */,
				710D3AAF2B8AC2FC0038DF8B /* WeatherWind.swift in Sources */,
				710D3A782B8AA2FD0038DF8B /* WeatherAppTests.swift in Sources */,
				710D3AC32B8BE8250038DF8B /* UIFont+Weight.swift in Sources */,
				710D3AAC2B8AC1F50038DF8B /* WeatherMainData.swift in Sources */,
				710D3AB52B8BB2D40038DF8B /* WeatherView.swift in Sources */,
				710D3AB22B8BAC4A0038DF8B /* WeatherViewModel.swift in Sources */,
				710D3ABF2B8BD4C00038DF8B /* ErrorView.swift in Sources */,
			);
			runOnlyForDeploymentPostprocessing = 0;
		};
		710D3A792B8AA2FD0038DF8B /* Sources */ = {
			isa = PBXSourcesBuildPhase;
			buildActionMask = 2147483647;
			files = (
				710D3A822B8AA2FD0038DF8B /* WeatherAppUITests.swift in Sources */,
				710D3A842B8AA2FD0038DF8B /* WeatherAppUITestsLaunchTests.swift in Sources */,
			);
			runOnlyForDeploymentPostprocessing = 0;
		};
/* End PBXSourcesBuildPhase section */

/* Begin PBXTargetDependency section */
		710D3A752B8AA2FD0038DF8B /* PBXTargetDependency */ = {
			isa = PBXTargetDependency;
			target = 710D3A5C2B8AA2FC0038DF8B /* WeatherApp */;
			targetProxy = 710D3A742B8AA2FD0038DF8B /* PBXContainerItemProxy */;
		};
		710D3A7F2B8AA2FD0038DF8B /* PBXTargetDependency */ = {
			isa = PBXTargetDependency;
			target = 710D3A5C2B8AA2FC0038DF8B /* WeatherApp */;
			targetProxy = 710D3A7E2B8AA2FD0038DF8B /* PBXContainerItemProxy */;
		};
/* End PBXTargetDependency section */

/* Begin PBXVariantGroup section */
		710D3A6B2B8AA2FD0038DF8B /* LaunchScreen.storyboard */ = {
			isa = PBXVariantGroup;
			children = (
				710D3A6C2B8AA2FD0038DF8B /* Base */,
			);
			name = LaunchScreen.storyboard;
			sourceTree = "<group>";
		};
/* End PBXVariantGroup section */

/* Begin XCBuildConfiguration section */
		710D3A852B8AA2FD0038DF8B /* Debug */ = {
			isa = XCBuildConfiguration;
			buildSettings = {
				ALWAYS_SEARCH_USER_PATHS = NO;
				ASSETCATALOG_COMPILER_GENERATE_SWIFT_ASSET_SYMBOL_EXTENSIONS = YES;
				CLANG_ANALYZER_NONNULL = YES;
				CLANG_ANALYZER_NUMBER_OBJECT_CONVERSION = YES_AGGRESSIVE;
				CLANG_CXX_LANGUAGE_STANDARD = "gnu++20";
				CLANG_ENABLE_MODULES = YES;
				CLANG_ENABLE_OBJC_ARC = YES;
				CLANG_ENABLE_OBJC_WEAK = YES;
				CLANG_WARN_BLOCK_CAPTURE_AUTORELEASING = YES;
				CLANG_WARN_BOOL_CONVERSION = YES;
				CLANG_WARN_COMMA = YES;
				CLANG_WARN_CONSTANT_CONVERSION = YES;
				CLANG_WARN_DEPRECATED_OBJC_IMPLEMENTATIONS = YES;
				CLANG_WARN_DIRECT_OBJC_ISA_USAGE = YES_ERROR;
				CLANG_WARN_DOCUMENTATION_COMMENTS = YES;
				CLANG_WARN_EMPTY_BODY = YES;
				CLANG_WARN_ENUM_CONVERSION = YES;
				CLANG_WARN_INFINITE_RECURSION = YES;
				CLANG_WARN_INT_CONVERSION = YES;
				CLANG_WARN_NON_LITERAL_NULL_CONVERSION = YES;
				CLANG_WARN_OBJC_IMPLICIT_RETAIN_SELF = YES;
				CLANG_WARN_OBJC_LITERAL_CONVERSION = YES;
				CLANG_WARN_OBJC_ROOT_CLASS = YES_ERROR;
				CLANG_WARN_QUOTED_INCLUDE_IN_FRAMEWORK_HEADER = YES;
				CLANG_WARN_RANGE_LOOP_ANALYSIS = YES;
				CLANG_WARN_STRICT_PROTOTYPES = YES;
				CLANG_WARN_SUSPICIOUS_MOVE = YES;
				CLANG_WARN_UNGUARDED_AVAILABILITY = YES_AGGRESSIVE;
				CLANG_WARN_UNREACHABLE_CODE = YES;
				CLANG_WARN__DUPLICATE_METHOD_MATCH = YES;
				COPY_PHASE_STRIP = NO;
				DEBUG_INFORMATION_FORMAT = dwarf;
				ENABLE_STRICT_OBJC_MSGSEND = YES;
				ENABLE_TESTABILITY = YES;
				ENABLE_USER_SCRIPT_SANDBOXING = YES;
				GCC_C_LANGUAGE_STANDARD = gnu17;
				GCC_DYNAMIC_NO_PIC = NO;
				GCC_NO_COMMON_BLOCKS = YES;
				GCC_OPTIMIZATION_LEVEL = 0;
				GCC_PREPROCESSOR_DEFINITIONS = (
					"DEBUG=1",
					"$(inherited)",
				);
				GCC_WARN_64_TO_32_BIT_CONVERSION = YES;
				GCC_WARN_ABOUT_RETURN_TYPE = YES_ERROR;
				GCC_WARN_UNDECLARED_SELECTOR = YES;
				GCC_WARN_UNINITIALIZED_AUTOS = YES_AGGRESSIVE;
				GCC_WARN_UNUSED_FUNCTION = YES;
				GCC_WARN_UNUSED_VARIABLE = YES;
				IPHONEOS_DEPLOYMENT_TARGET = 17.0;
				LOCALIZATION_PREFERS_STRING_CATALOGS = YES;
				MTL_ENABLE_DEBUG_INFO = INCLUDE_SOURCE;
				MTL_FAST_MATH = YES;
				ONLY_ACTIVE_ARCH = YES;
				SDKROOT = iphoneos;
				SWIFT_ACTIVE_COMPILATION_CONDITIONS = "DEBUG $(inherited)";
				SWIFT_OPTIMIZATION_LEVEL = "-Onone";
			};
			name = Debug;
		};
		710D3A862B8AA2FD0038DF8B /* Release */ = {
			isa = XCBuildConfiguration;
			buildSettings = {
				ALWAYS_SEARCH_USER_PATHS = NO;
				ASSETCATALOG_COMPILER_GENERATE_SWIFT_ASSET_SYMBOL_EXTENSIONS = YES;
				CLANG_ANALYZER_NONNULL = YES;
				CLANG_ANALYZER_NUMBER_OBJECT_CONVERSION = YES_AGGRESSIVE;
				CLANG_CXX_LANGUAGE_STANDARD = "gnu++20";
				CLANG_ENABLE_MODULES = YES;
				CLANG_ENABLE_OBJC_ARC = YES;
				CLANG_ENABLE_OBJC_WEAK = YES;
				CLANG_WARN_BLOCK_CAPTURE_AUTORELEASING = YES;
				CLANG_WARN_BOOL_CONVERSION = YES;
				CLANG_WARN_COMMA = YES;
				CLANG_WARN_CONSTANT_CONVERSION = YES;
				CLANG_WARN_DEPRECATED_OBJC_IMPLEMENTATIONS = YES;
				CLANG_WARN_DIRECT_OBJC_ISA_USAGE = YES_ERROR;
				CLANG_WARN_DOCUMENTATION_COMMENTS = YES;
				CLANG_WARN_EMPTY_BODY = YES;
				CLANG_WARN_ENUM_CONVERSION = YES;
				CLANG_WARN_INFINITE_RECURSION = YES;
				CLANG_WARN_INT_CONVERSION = YES;
				CLANG_WARN_NON_LITERAL_NULL_CONVERSION = YES;
				CLANG_WARN_OBJC_IMPLICIT_RETAIN_SELF = YES;
				CLANG_WARN_OBJC_LITERAL_CONVERSION = YES;
				CLANG_WARN_OBJC_ROOT_CLASS = YES_ERROR;
				CLANG_WARN_QUOTED_INCLUDE_IN_FRAMEWORK_HEADER = YES;
				CLANG_WARN_RANGE_LOOP_ANALYSIS = YES;
				CLANG_WARN_STRICT_PROTOTYPES = YES;
				CLANG_WARN_SUSPICIOUS_MOVE = YES;
				CLANG_WARN_UNGUARDED_AVAILABILITY = YES_AGGRESSIVE;
				CLANG_WARN_UNREACHABLE_CODE = YES;
				CLANG_WARN__DUPLICATE_METHOD_MATCH = YES;
				COPY_PHASE_STRIP = NO;
				DEBUG_INFORMATION_FORMAT = "dwarf-with-dsym";
				ENABLE_NS_ASSERTIONS = NO;
				ENABLE_STRICT_OBJC_MSGSEND = YES;
				ENABLE_USER_SCRIPT_SANDBOXING = YES;
				GCC_C_LANGUAGE_STANDARD = gnu17;
				GCC_NO_COMMON_BLOCKS = YES;
				GCC_WARN_64_TO_32_BIT_CONVERSION = YES;
				GCC_WARN_ABOUT_RETURN_TYPE = YES_ERROR;
				GCC_WARN_UNDECLARED_SELECTOR = YES;
				GCC_WARN_UNINITIALIZED_AUTOS = YES_AGGRESSIVE;
				GCC_WARN_UNUSED_FUNCTION = YES;
				GCC_WARN_UNUSED_VARIABLE = YES;
				IPHONEOS_DEPLOYMENT_TARGET = 17.0;
				LOCALIZATION_PREFERS_STRING_CATALOGS = YES;
				MTL_ENABLE_DEBUG_INFO = NO;
				MTL_FAST_MATH = YES;
				SDKROOT = iphoneos;
				SWIFT_COMPILATION_MODE = wholemodule;
				VALIDATE_PRODUCT = YES;
			};
			name = Release;
		};
		710D3A882B8AA2FD0038DF8B /* Debug */ = {
			isa = XCBuildConfiguration;
			buildSettings = {
				ASSETCATALOG_COMPILER_APPICON_NAME = AppIcon;
				ASSETCATALOG_COMPILER_GLOBAL_ACCENT_COLOR_NAME = AccentColor;
				CODE_SIGN_STYLE = Automatic;
				CURRENT_PROJECT_VERSION = 1;
				DEVELOPMENT_TEAM = 37RT5AB87J;
				GENERATE_INFOPLIST_FILE = YES;
				INFOPLIST_FILE = WeatherApp/Info.plist;
				INFOPLIST_KEY_NSLocationAlwaysAndWhenInUseUsageDescription = "We need your location to show you accurate weather data";
				INFOPLIST_KEY_NSLocationAlwaysUsageDescription = "We need your location to show you accurate weather data";
				INFOPLIST_KEY_NSLocationUsageDescription = "We need your location to show you accurate weather data";
				INFOPLIST_KEY_NSLocationWhenInUseUsageDescription = "We need your location to show you accurate weather data";
				INFOPLIST_KEY_UIApplicationSupportsIndirectInputEvents = YES;
				INFOPLIST_KEY_UILaunchStoryboardName = LaunchScreen;
				INFOPLIST_KEY_UISupportedInterfaceOrientations_iPad = "UIInterfaceOrientationPortrait UIInterfaceOrientationPortraitUpsideDown UIInterfaceOrientationLandscapeLeft UIInterfaceOrientationLandscapeRight";
				INFOPLIST_KEY_UISupportedInterfaceOrientations_iPhone = "UIInterfaceOrientationPortrait UIInterfaceOrientationLandscapeLeft UIInterfaceOrientationLandscapeRight";
				LD_RUNPATH_SEARCH_PATHS = (
					"$(inherited)",
					"@executable_path/Frameworks",
				);
				MARKETING_VERSION = 1.0;
				PRODUCT_BUNDLE_IDENTIFIER = com.victorsoto.WeatherApp;
				PRODUCT_NAME = "$(TARGET_NAME)";
				SWIFT_EMIT_LOC_STRINGS = YES;
				SWIFT_VERSION = 5.0;
				TARGETED_DEVICE_FAMILY = "1,2";
			};
			name = Debug;
		};
		710D3A892B8AA2FD0038DF8B /* Release */ = {
			isa = XCBuildConfiguration;
			buildSettings = {
				ASSETCATALOG_COMPILER_APPICON_NAME = AppIcon;
				ASSETCATALOG_COMPILER_GLOBAL_ACCENT_COLOR_NAME = AccentColor;
				CODE_SIGN_STYLE = Automatic;
				CURRENT_PROJECT_VERSION = 1;
				DEVELOPMENT_TEAM = 37RT5AB87J;
				GENERATE_INFOPLIST_FILE = YES;
				INFOPLIST_FILE = WeatherApp/Info.plist;
				INFOPLIST_KEY_NSLocationAlwaysAndWhenInUseUsageDescription = "We need your location to show you accurate weather data";
				INFOPLIST_KEY_NSLocationAlwaysUsageDescription = "We need your location to show you accurate weather data";
				INFOPLIST_KEY_NSLocationUsageDescription = "We need your location to show you accurate weather data";
				INFOPLIST_KEY_NSLocationWhenInUseUsageDescription = "We need your location to show you accurate weather data";
				INFOPLIST_KEY_UIApplicationSupportsIndirectInputEvents = YES;
				INFOPLIST_KEY_UILaunchStoryboardName = LaunchScreen;
				INFOPLIST_KEY_UISupportedInterfaceOrientations_iPad = "UIInterfaceOrientationPortrait UIInterfaceOrientationPortraitUpsideDown UIInterfaceOrientationLandscapeLeft UIInterfaceOrientationLandscapeRight";
				INFOPLIST_KEY_UISupportedInterfaceOrientations_iPhone = "UIInterfaceOrientationPortrait UIInterfaceOrientationLandscapeLeft UIInterfaceOrientationLandscapeRight";
				LD_RUNPATH_SEARCH_PATHS = (
					"$(inherited)",
					"@executable_path/Frameworks",
				);
				MARKETING_VERSION = 1.0;
				PRODUCT_BUNDLE_IDENTIFIER = com.victorsoto.WeatherApp;
				PRODUCT_NAME = "$(TARGET_NAME)";
				SWIFT_EMIT_LOC_STRINGS = YES;
				SWIFT_VERSION = 5.0;
				TARGETED_DEVICE_FAMILY = "1,2";
			};
			name = Release;
		};
		710D3A8B2B8AA2FD0038DF8B /* Debug */ = {
			isa = XCBuildConfiguration;
			buildSettings = {
				ALWAYS_EMBED_SWIFT_STANDARD_LIBRARIES = YES;
				BUNDLE_LOADER = "$(TEST_HOST)";
				CODE_SIGN_STYLE = Automatic;
				CURRENT_PROJECT_VERSION = 1;
				DEVELOPMENT_TEAM = 37RT5AB87J;
				GENERATE_INFOPLIST_FILE = YES;
				IPHONEOS_DEPLOYMENT_TARGET = 17.0;
				MARKETING_VERSION = 1.0;
				PRODUCT_BUNDLE_IDENTIFIER = com.victorsoto.WeatherAppTests;
				PRODUCT_NAME = "$(TARGET_NAME)";
				SWIFT_EMIT_LOC_STRINGS = NO;
				SWIFT_VERSION = 5.0;
				TARGETED_DEVICE_FAMILY = "1,2";
				TEST_HOST = "$(BUILT_PRODUCTS_DIR)/WeatherApp.app/$(BUNDLE_EXECUTABLE_FOLDER_PATH)/WeatherApp";
			};
			name = Debug;
		};
		710D3A8C2B8AA2FD0038DF8B /* Release */ = {
			isa = XCBuildConfiguration;
			buildSettings = {
				ALWAYS_EMBED_SWIFT_STANDARD_LIBRARIES = YES;
				BUNDLE_LOADER = "$(TEST_HOST)";
				CODE_SIGN_STYLE = Automatic;
				CURRENT_PROJECT_VERSION = 1;
				DEVELOPMENT_TEAM = 37RT5AB87J;
				GENERATE_INFOPLIST_FILE = YES;
				IPHONEOS_DEPLOYMENT_TARGET = 17.0;
				MARKETING_VERSION = 1.0;
				PRODUCT_BUNDLE_IDENTIFIER = com.victorsoto.WeatherAppTests;
				PRODUCT_NAME = "$(TARGET_NAME)";
				SWIFT_EMIT_LOC_STRINGS = NO;
				SWIFT_VERSION = 5.0;
				TARGETED_DEVICE_FAMILY = "1,2";
				TEST_HOST = "$(BUILT_PRODUCTS_DIR)/WeatherApp.app/$(BUNDLE_EXECUTABLE_FOLDER_PATH)/WeatherApp";
			};
			name = Release;
		};
		710D3A8E2B8AA2FD0038DF8B /* Debug */ = {
			isa = XCBuildConfiguration;
			buildSettings = {
				ALWAYS_EMBED_SWIFT_STANDARD_LIBRARIES = YES;
				CODE_SIGN_STYLE = Automatic;
				CURRENT_PROJECT_VERSION = 1;
				DEVELOPMENT_TEAM = 37RT5AB87J;
				GENERATE_INFOPLIST_FILE = YES;
				MARKETING_VERSION = 1.0;
				PRODUCT_BUNDLE_IDENTIFIER = com.victorsoto.WeatherAppUITests;
				PRODUCT_NAME = "$(TARGET_NAME)";
				SWIFT_EMIT_LOC_STRINGS = NO;
				SWIFT_VERSION = 5.0;
				TARGETED_DEVICE_FAMILY = "1,2";
				TEST_TARGET_NAME = WeatherApp;
			};
			name = Debug;
		};
		710D3A8F2B8AA2FD0038DF8B /* Release */ = {
			isa = XCBuildConfiguration;
			buildSettings = {
				ALWAYS_EMBED_SWIFT_STANDARD_LIBRARIES = YES;
				CODE_SIGN_STYLE = Automatic;
				CURRENT_PROJECT_VERSION = 1;
				DEVELOPMENT_TEAM = 37RT5AB87J;
				GENERATE_INFOPLIST_FILE = YES;
				MARKETING_VERSION = 1.0;
				PRODUCT_BUNDLE_IDENTIFIER = com.victorsoto.WeatherAppUITests;
				PRODUCT_NAME = "$(TARGET_NAME)";
				SWIFT_EMIT_LOC_STRINGS = NO;
				SWIFT_VERSION = 5.0;
				TARGETED_DEVICE_FAMILY = "1,2";
				TEST_TARGET_NAME = WeatherApp;
			};
			name = Release;
		};
/* End XCBuildConfiguration section */

/* Begin XCConfigurationList section */
		710D3A582B8AA2FB0038DF8B /* Build configuration list for PBXProject "WeatherApp" */ = {
			isa = XCConfigurationList;
			buildConfigurations = (
				710D3A852B8AA2FD0038DF8B /* Debug */,
				710D3A862B8AA2FD0038DF8B /* Release */,
			);
			defaultConfigurationIsVisible = 0;
			defaultConfigurationName = Release;
		};
		710D3A872B8AA2FD0038DF8B /* Build configuration list for PBXNativeTarget "WeatherApp" */ = {
			isa = XCConfigurationList;
			buildConfigurations = (
				710D3A882B8AA2FD0038DF8B /* Debug */,
				710D3A892B8AA2FD0038DF8B /* Release */,
			);
			defaultConfigurationIsVisible = 0;
			defaultConfigurationName = Release;
		};
		710D3A8A2B8AA2FD0038DF8B /* Build configuration list for PBXNativeTarget "WeatherAppTests" */ = {
			isa = XCConfigurationList;
			buildConfigurations = (
				710D3A8B2B8AA2FD0038DF8B /* Debug */,
				710D3A8C2B8AA2FD0038DF8B /* Release */,
			);
			defaultConfigurationIsVisible = 0;
			defaultConfigurationName = Release;
		};
		710D3A8D2B8AA2FD0038DF8B /* Build configuration list for PBXNativeTarget "WeatherAppUITests" */ = {
			isa = XCConfigurationList;
			buildConfigurations = (
				710D3A8E2B8AA2FD0038DF8B /* Debug */,
				710D3A8F2B8AA2FD0038DF8B /* Release */,
			);
			defaultConfigurationIsVisible = 0;
			defaultConfigurationName = Release;
		};
/* End XCConfigurationList section */

/* Begin XCRemoteSwiftPackageReference section */
		710D3AB62B8BC1490038DF8B /* XCRemoteSwiftPackageReference "SnapKit" */ = {
			isa = XCRemoteSwiftPackageReference;
			repositoryURL = "https://github.com/SnapKit/SnapKit.git";
			requirement = {
				kind = upToNextMajorVersion;
				minimumVersion = 5.7.1;
			};
		};
		710D3ABA2B8BC4B30038DF8B /* XCRemoteSwiftPackageReference "Kingfisher" */ = {
			isa = XCRemoteSwiftPackageReference;
			repositoryURL = "https://github.com/onevcat/Kingfisher.git";
			requirement = {
				kind = upToNextMajorVersion;
				minimumVersion = 7.11.0;
			};
		};
/* End XCRemoteSwiftPackageReference section */

/* Begin XCSwiftPackageProductDependency section */
		710D3AB82B8BC1FF0038DF8B /* SnapKit */ = {
			isa = XCSwiftPackageProductDependency;
			package = 710D3AB62B8BC1490038DF8B /* XCRemoteSwiftPackageReference "SnapKit" */;
			productName = SnapKit;
		};
		710D3ABB2B8BC4B30038DF8B /* Kingfisher */ = {
			isa = XCSwiftPackageProductDependency;
			package = 710D3ABA2B8BC4B30038DF8B /* XCRemoteSwiftPackageReference "Kingfisher" */;
			productName = Kingfisher;
		};
/* End XCSwiftPackageProductDependency section */
	};
	rootObject = 710D3A552B8AA2FB0038DF8B /* Project object */;
}
